
Microsoft Visual Studio Solution File, Format Version 12.00
# Visual Studio 15
VisualStudioVersion = 15.0.26228.12
MinimumVisualStudioVersion = 10.0.40219.1
Project("{2150E333-8FDC-42A3-9474-1A3956D46DE8}") = "common", "common", "{867DD254-B10D-46E5-BBA0-04A7171F8A1F}"
	ProjectSection(SolutionItems) = preProject
		.gitignore = .gitignore
		LICENSE.md = LICENSE.md
		README.md = README.md
	EndProjectSection
EndProject
Project("{9A19103F-16F7-4668-BE54-9A1E7A4F7556}") = "naughty-strings-runner", "src\naughty-strings-runner.csproj", "{921AB874-CE0B-44C0-8F7B-E9F14C1843C0}"
EndProject
Global
	GlobalSection(SolutionConfigurationPlatforms) = preSolution
		Debug|Any CPU = Debug|Any CPU
		Release|Any CPU = Release|Any CPU
	EndGlobalSection
	GlobalSection(ProjectConfigurationPlatforms) = postSolution
		{921AB874-CE0B-44C0-8F7B-E9F14C1843C0}.Debug|Any CPU.ActiveCfg = Debug|Any CPU
		{921AB874-CE0B-44C0-8F7B-E9F14C1843C0}.Debug|Any CPU.Build.0 = Debug|Any CPU
		{921AB874-CE0B-44C0-8F7B-E9F14C1843C0}.Release|Any CPU.ActiveCfg = Release|Any CPU
		{921AB874-CE0B-44C0-8F7B-E9F14C1843C0}.Release|Any CPU.Build.0 = Release|Any CPU
	EndGlobalSection
	GlobalSection(SolutionProperties) = preSolution
		HideSolutionNode = FALSE
	EndGlobalSection
EndGlobal
